
Microsoft Visual Studio Solution File, Format Version 12.00
# Visual Studio Version 17
VisualStudioVersion = 17.9.34728.123
MinimumVisualStudioVersion = 10.0.40219.1
Project("{FAE04EC0-301F-11D3-BF4B-00C04F79EFBC}") = "1018_Cedulas_Study", "1018_Cedulas_Study\1018_Cedulas_Study.csproj", "{0B5D7662-7959-4A45-8C9F-4856DF6F5599}"
EndProject
Global
	GlobalSection(SolutionConfigurationPlatforms) = preSolution
		Debug|Any CPU = Debug|Any CPU
		Release|Any CPU = Release|Any CPU
	EndGlobalSection
	GlobalSection(ProjectConfigurationPlatforms) = postSolution
		{0B5D7662-7959-4A45-8C9F-4856DF6F5599}.Debug|Any CPU.ActiveCfg = Debug|Any CPU
		{0B5D7662-7959-4A45-8C9F-4856DF6F5599}.Debug|Any CPU.Build.0 = Debug|Any CPU
		{0B5D7662-7959-4A45-8C9F-4856DF6F5599}.Release|Any CPU.ActiveCfg = Release|Any CPU
		{0B5D7662-7959-4A45-8C9F-4856DF6F5599}.Release|Any CPU.Build.0 = Release|Any CPU
	EndGlobalSection
	GlobalSection(SolutionProperties) = preSolution
		HideSolutionNode = FALSE
	EndGlobalSection
	GlobalSection(ExtensibilityGlobals) = postSolution
		SolutionGuid = {7CF8B0F4-C2CA-432F-A3EB-F9C08C951A9F}
	EndGlobalSection
EndGlobal
